
Microsoft Visual Studio Solution File, Format Version 12.00
# Visual Studio 15
VisualStudioVersion = 15.0.27428.2015
MinimumVisualStudioVersion = 10.0.40219.1
Project("{FAE04EC0-301F-11D3-BF4B-00C04F79EFBC}") = "DVL.Android", "DVL\DVL.Android\DVL.Android.csproj", "{C88F210D-BBE4-4509-AA67-898AF564DBE1}"
EndProject
Project("{FAE04EC0-301F-11D3-BF4B-00C04F79EFBC}") = "DVL.iOS", "DVL\DVL.iOS\DVL.iOS.csproj", "{1315C098-2D9F-4B3E-B6FF-C5B76686E525}"
EndProject
Project("{FAE04EC0-301F-11D3-BF4B-00C04F79EFBC}") = "DVL.UWP", "DVL\DVL.UWP\DVL.UWP.csproj", "{3FA12A4F-2A7A-45EB-B964-88277ACC5CEF}"
EndProject
Project("{D954291E-2A0B-460D-934E-DC6B0785DB48}") = "DVL", "DVL\DVL\DVL.shproj", "{1CB9C654-FB7E-42D9-A869-E82AA69E36A0}"
EndProject
Global
	GlobalSection(SharedMSBuildProjectFiles) = preSolution
		DVL\DVL\DVL.projitems*{1315c098-2d9f-4b3e-b6ff-c5b76686e525}*SharedItemsImports = 4
		DVL\DVL\DVL.projitems*{1cb9c654-fb7e-42d9-a869-e82aa69e36a0}*SharedItemsImports = 13
		DVL\DVL\DVL.projitems*{3fa12a4f-2a7a-45eb-b964-88277acc5cef}*SharedItemsImports = 4
		DVL\DVL\DVL.projitems*{c88f210d-bbe4-4509-aa67-898af564dbe1}*SharedItemsImports = 4
	EndGlobalSection
	GlobalSection(SolutionConfigurationPlatforms) = preSolution
		Ad-Hoc|Any CPU = Ad-Hoc|Any CPU
		Ad-Hoc|ARM = Ad-Hoc|ARM
		Ad-Hoc|iPhone = Ad-Hoc|iPhone
		Ad-Hoc|iPhoneSimulator = Ad-Hoc|iPhoneSimulator
		Ad-Hoc|x64 = Ad-Hoc|x64
		Ad-Hoc|x86 = Ad-Hoc|x86
		AppStore|Any CPU = AppStore|Any CPU
		AppStore|ARM = AppStore|ARM
		AppStore|iPhone = AppStore|iPhone
		AppStore|iPhoneSimulator = AppStore|iPhoneSimulator
		AppStore|x64 = AppStore|x64
		AppStore|x86 = AppStore|x86
		Debug|Any CPU = Debug|Any CPU
		Debug|ARM = Debug|ARM
		Debug|iPhone = Debug|iPhone
		Debug|iPhoneSimulator = Debug|iPhoneSimulator
		Debug|x64 = Debug|x64
		Debug|x86 = Debug|x86
		Release|Any CPU = Release|Any CPU
		Release|ARM = Release|ARM
		Release|iPhone = Release|iPhone
		Release|iPhoneSimulator = Release|iPhoneSimulator
		Release|x64 = Release|x64
		Release|x86 = Release|x86
	EndGlobalSection
	GlobalSection(ProjectConfigurationPlatforms) = postSolution
		{C88F210D-BBE4-4509-AA67-898AF564DBE1}.Ad-Hoc|Any CPU.ActiveCfg = Release|Any CPU
		{C88F210D-BBE4-4509-AA67-898AF564DBE1}.Ad-Hoc|Any CPU.Build.0 = Release|Any CPU
		{C88F210D-BBE4-4509-AA67-898AF564DBE1}.Ad-Hoc|Any CPU.Deploy.0 = Release|Any CPU
		{C88F210D-BBE4-4509-AA67-898AF564DBE1}.Ad-Hoc|ARM.ActiveCfg = Release|Any CPU
		{C88F210D-BBE4-4509-AA67-898AF564DBE1}.Ad-Hoc|ARM.Build.0 = Release|Any CPU
		{C88F210D-BBE4-4509-AA67-898AF564DBE1}.Ad-Hoc|ARM.Deploy.0 = Release|Any CPU
		{C88F210D-BBE4-4509-AA67-898AF564DBE1}.Ad-Hoc|iPhone.ActiveCfg = Release|Any CPU
		{C88F210D-BBE4-4509-AA67-898AF564DBE1}.Ad-Hoc|iPhone.Build.0 = Release|Any CPU
		{C88F210D-BBE4-4509-AA67-898AF564DBE1}.Ad-Hoc|iPhone.Deploy.0 = Release|Any CPU
		{C88F210D-BBE4-4509-AA67-898AF564DBE1}.Ad-Hoc|iPhoneSimulator.ActiveCfg = Release|Any CPU
		{C88F210D-BBE4-4509-AA67-898AF564DBE1}.Ad-Hoc|iPhoneSimulator.Build.0 = Release|Any CPU
		{C88F210D-BBE4-4509-AA67-898AF564DBE1}.Ad-Hoc|iPhoneSimulator.Deploy.0 = Release|Any CPU
		{C88F210D-BBE4-4509-AA67-898AF564DBE1}.Ad-Hoc|x64.ActiveCfg = Release|Any CPU
		{C88F210D-BBE4-4509-AA67-898AF564DBE1}.Ad-Hoc|x64.Build.0 = Release|Any CPU
		{C88F210D-BBE4-4509-AA67-898AF564DBE1}.Ad-Hoc|x64.Deploy.0 = Release|Any CPU
		{C88F210D-BBE4-4509-AA67-898AF564DBE1}.Ad-Hoc|x86.ActiveCfg = Release|Any CPU
		{C88F210D-BBE4-4509-AA67-898AF564DBE1}.Ad-Hoc|x86.Build.0 = Release|Any CPU
		{C88F210D-BBE4-4509-AA67-898AF564DBE1}.Ad-Hoc|x86.Deploy.0 = Release|Any CPU
		{C88F210D-BBE4-4509-AA67-898AF564DBE1}.AppStore|Any CPU.ActiveCfg = Release|Any CPU
		{C88F210D-BBE4-4509-AA67-898AF564DBE1}.AppStore|Any CPU.Build.0 = Release|Any CPU
		{C88F210D-BBE4-4509-AA67-898AF564DBE1}.AppStore|Any CPU.Deploy.0 = Release|Any CPU
		{C88F210D-BBE4-4509-AA67-898AF564DBE1}.AppStore|ARM.ActiveCfg = Release|Any CPU
		{C88F210D-BBE4-4509-AA67-898AF564DBE1}.AppStore|ARM.Build.0 = Release|Any CPU
		{C88F210D-BBE4-4509-AA67-898AF564DBE1}.AppStore|ARM.Deploy.0 = Release|Any CPU
		{C88F210D-BBE4-4509-AA67-898AF564DBE1}.AppStore|iPhone.ActiveCfg = Release|Any CPU
		{C88F210D-BBE4-4509-AA67-898AF564DBE1}.AppStore|iPhone.Build.0 = Release|Any CPU
		{C88F210D-BBE4-4509-AA67-898AF564DBE1}.AppStore|iPhone.Deploy.0 = Release|Any CPU
		{C88F210D-BBE4-4509-AA67-898AF564DBE1}.AppStore|iPhoneSimulator.ActiveCfg = Release|Any CPU
		{C88F210D-BBE4-4509-AA67-898AF564DBE1}.AppStore|iPhoneSimulator.Build.0 = Release|Any CPU
		{C88F210D-BBE4-4509-AA67-898AF564DBE1}.AppStore|iPhoneSimulator.Deploy.0 = Release|Any CPU
		{C88F210D-BBE4-4509-AA67-898AF564DBE1}.AppStore|x64.ActiveCfg = Release|Any CPU
		{C88F210D-BBE4-4509-AA67-898AF564DBE1}.AppStore|x64.Build.0 = Release|Any CPU
		{C88F210D-BBE4-4509-AA67-898AF564DBE1}.AppStore|x64.Deploy.0 = Release|Any CPU
		{C88F210D-BBE4-4509-AA67-898AF564DBE1}.AppStore|x86.ActiveCfg = Release|Any CPU
		{C88F210D-BBE4-4509-AA67-898AF564DBE1}.AppStore|x86.Build.0 = Release|Any CPU
		{C88F210D-BBE4-4509-AA67-898AF564DBE1}.AppStore|x86.Deploy.0 = Release|Any CPU
		{C88F210D-BBE4-4509-AA67-898AF564DBE1}.Debug|Any CPU.ActiveCfg = Debug|Any CPU
		{C88F210D-BBE4-4509-AA67-898AF564DBE1}.Debug|Any CPU.Build.0 = Debug|Any CPU
		{C88F210D-BBE4-4509-AA67-898AF564DBE1}.Debug|Any CPU.Deploy.0 = Debug|Any CPU
		{C88F210D-BBE4-4509-AA67-898AF564DBE1}.Debug|ARM.ActiveCfg = Debug|Any CPU
		{C88F210D-BBE4-4509-AA67-898AF564DBE1}.Debug|ARM.Build.0 = Debug|Any CPU
		{C88F210D-BBE4-4509-AA67-898AF564DBE1}.Debug|ARM.Deploy.0 = Debug|Any CPU
		{C88F210D-BBE4-4509-AA67-898AF564DBE1}.Debug|iPhone.ActiveCfg = Debug|Any CPU
		{C88F210D-BBE4-4509-AA67-898AF564DBE1}.Debug|iPhone.Build.0 = Debug|Any CPU
		{C88F210D-BBE4-4509-AA67-898AF564DBE1}.Debug|iPhone.Deploy.0 = Debug|Any CPU
		{C88F210D-BBE4-4509-AA67-898AF564DBE1}.Debug|iPhoneSimulator.ActiveCfg = Debug|Any CPU
		{C88F210D-BBE4-4509-AA67-898AF564DBE1}.Debug|iPhoneSimulator.Build.0 = Debug|Any CPU
		{C88F210D-BBE4-4509-AA67-898AF564DBE1}.Debug|iPhoneSimulator.Deploy.0 = Debug|Any CPU
		{C88F210D-BBE4-4509-AA67-898AF564DBE1}.Debug|x64.ActiveCfg = Debug|Any CPU
		{C88F210D-BBE4-4509-AA67-898AF564DBE1}.Debug|x64.Build.0 = Debug|Any CPU
		{C88F210D-BBE4-4509-AA67-898AF564DBE1}.Debug|x64.Deploy.0 = Debug|Any CPU
		{C88F210D-BBE4-4509-AA67-898AF564DBE1}.Debug|x86.ActiveCfg = Debug|Any CPU
		{C88F210D-BBE4-4509-AA67-898AF564DBE1}.Debug|x86.Build.0 = Debug|Any CPU
		{C88F210D-BBE4-4509-AA67-898AF564DBE1}.Debug|x86.Deploy.0 = Debug|Any CPU
		{C88F210D-BBE4-4509-AA67-898AF564DBE1}.Release|Any CPU.ActiveCfg = Release|Any CPU
		{C88F210D-BBE4-4509-AA67-898AF564DBE1}.Release|Any CPU.Build.0 = Release|Any CPU
		{C88F210D-BBE4-4509-AA67-898AF564DBE1}.Release|Any CPU.Deploy.0 = Release|Any CPU
		{C88F210D-BBE4-4509-AA67-898AF564DBE1}.Release|ARM.ActiveCfg = Release|Any CPU
		{C88F210D-BBE4-4509-AA67-898AF564DBE1}.Release|ARM.Build.0 = Release|Any CPU
		{C88F210D-BBE4-4509-AA67-898AF564DBE1}.Release|ARM.Deploy.0 = Release|Any CPU
		{C88F210D-BBE4-4509-AA67-898AF564DBE1}.Release|iPhone.ActiveCfg = Release|Any CPU
		{C88F210D-BBE4-4509-AA67-898AF564DBE1}.Release|iPhone.Build.0 = Release|Any CPU
		{C88F210D-BBE4-4509-AA67-898AF564DBE1}.Release|iPhone.Deploy.0 = Release|Any CPU
		{C88F210D-BBE4-4509-AA67-898AF564DBE1}.Release|iPhoneSimulator.ActiveCfg = Release|Any CPU
		{C88F210D-BBE4-4509-AA67-898AF564DBE1}.Release|iPhoneSimulator.Build.0 = Release|Any CPU
		{C88F210D-BBE4-4509-AA67-898AF564DBE1}.Release|iPhoneSimulator.Deploy.0 = Release|Any CPU
		{C88F210D-BBE4-4509-AA67-898AF564DBE1}.Release|x64.ActiveCfg = Release|Any CPU
		{C88F210D-BBE4-4509-AA67-898AF564DBE1}.Release|x64.Build.0 = Release|Any CPU
		{C88F210D-BBE4-4509-AA67-898AF564DBE1}.Release|x64.Deploy.0 = Release|Any CPU
		{C88F210D-BBE4-4509-AA67-898AF564DBE1}.Release|x86.ActiveCfg = Release|Any CPU
		{C88F210D-BBE4-4509-AA67-898AF564DBE1}.Release|x86.Build.0 = Release|Any CPU
		{C88F210D-BBE4-4509-AA67-898AF564DBE1}.Release|x86.Deploy.0 = Release|Any CPU
		{1315C098-2D9F-4B3E-B6FF-C5B76686E525}.Ad-Hoc|Any CPU.ActiveCfg = Ad-Hoc|iPhone
		{1315C098-2D9F-4B3E-B6FF-C5B76686E525}.Ad-Hoc|ARM.ActiveCfg = Ad-Hoc|iPhone
		{1315C098-2D9F-4B3E-B6FF-C5B76686E525}.Ad-Hoc|iPhone.ActiveCfg = Ad-Hoc|iPhone
		{1315C098-2D9F-4B3E-B6FF-C5B76686E525}.Ad-Hoc|iPhone.Build.0 = Ad-Hoc|iPhone
		{1315C098-2D9F-4B3E-B6FF-C5B76686E525}.Ad-Hoc|iPhoneSimulator.ActiveCfg = Ad-Hoc|iPhoneSimulator
		{1315C098-2D9F-4B3E-B6FF-C5B76686E525}.Ad-Hoc|iPhoneSimulator.Build.0 = Ad-Hoc|iPhoneSimulator
		{1315C098-2D9F-4B3E-B6FF-C5B76686E525}.Ad-Hoc|x64.ActiveCfg = Ad-Hoc|iPhone
		{1315C098-2D9F-4B3E-B6FF-C5B76686E525}.Ad-Hoc|x86.ActiveCfg = Ad-Hoc|iPhone
		{1315C098-2D9F-4B3E-B6FF-C5B76686E525}.AppStore|Any CPU.ActiveCfg = AppStore|iPhone
		{1315C098-2D9F-4B3E-B6FF-C5B76686E525}.AppStore|ARM.ActiveCfg = AppStore|iPhone
		{1315C098-2D9F-4B3E-B6FF-C5B76686E525}.AppStore|iPhone.ActiveCfg = AppStore|iPhone
		{1315C098-2D9F-4B3E-B6FF-C5B76686E525}.AppStore|iPhone.Build.0 = AppStore|iPhone
		{1315C098-2D9F-4B3E-B6FF-C5B76686E525}.AppStore|iPhoneSimulator.ActiveCfg = AppStore|iPhoneSimulator
		{1315C098-2D9F-4B3E-B6FF-C5B76686E525}.AppStore|iPhoneSimulator.Build.0 = AppStore|iPhoneSimulator
		{1315C098-2D9F-4B3E-B6FF-C5B76686E525}.AppStore|x64.ActiveCfg = AppStore|iPhone
		{1315C098-2D9F-4B3E-B6FF-C5B76686E525}.AppStore|x86.ActiveCfg = AppStore|iPhone
		{1315C098-2D9F-4B3E-B6FF-C5B76686E525}.Debug|Any CPU.ActiveCfg = Debug|iPhone
		{1315C098-2D9F-4B3E-B6FF-C5B76686E525}.Debug|ARM.ActiveCfg = Debug|iPhone
		{1315C098-2D9F-4B3E-B6FF-C5B76686E525}.Debug|iPhone.ActiveCfg = Debug|iPhone
		{1315C098-2D9F-4B3E-B6FF-C5B76686E525}.Debug|iPhone.Build.0 = Debug|iPhone
		{1315C098-2D9F-4B3E-B6FF-C5B76686E525}.Debug|iPhoneSimulator.ActiveCfg = Debug|iPhoneSimulator
		{1315C098-2D9F-4B3E-B6FF-C5B76686E525}.Debug|iPhoneSimulator.Build.0 = Debug|iPhoneSimulator
		{1315C098-2D9F-4B3E-B6FF-C5B76686E525}.Debug|x64.ActiveCfg = Debug|iPhone
		{1315C098-2D9F-4B3E-B6FF-C5B76686E525}.Debug|x86.ActiveCfg = Debug|iPhone
		{1315C098-2D9F-4B3E-B6FF-C5B76686E525}.Release|Any CPU.ActiveCfg = Release|iPhone
		{1315C098-2D9F-4B3E-B6FF-C5B76686E525}.Release|ARM.ActiveCfg = Release|iPhone
		{1315C098-2D9F-4B3E-B6FF-C5B76686E525}.Release|iPhone.ActiveCfg = Release|iPhone
		{1315C098-2D9F-4B3E-B6FF-C5B76686E525}.Release|iPhone.Build.0 = Release|iPhone
		{1315C098-2D9F-4B3E-B6FF-C5B76686E525}.Release|iPhoneSimulator.ActiveCfg = Release|iPhoneSimulator
		{1315C098-2D9F-4B3E-B6FF-C5B76686E525}.Release|iPhoneSimulator.Build.0 = Release|iPhoneSimulator
		{1315C098-2D9F-4B3E-B6FF-C5B76686E525}.Release|x64.ActiveCfg = Release|iPhone
		{1315C098-2D9F-4B3E-B6FF-C5B76686E525}.Release|x86.ActiveCfg = Release|iPhone
		{3FA12A4F-2A7A-45EB-B964-88277ACC5CEF}.Ad-Hoc|Any CPU.ActiveCfg = Release|x86
		{3FA12A4F-2A7A-45EB-B964-88277ACC5CEF}.Ad-Hoc|Any CPU.Build.0 = Release|x86
		{3FA12A4F-2A7A-45EB-B964-88277ACC5CEF}.Ad-Hoc|Any CPU.Deploy.0 = Release|x86
		{3FA12A4F-2A7A-45EB-B964-88277ACC5CEF}.Ad-Hoc|ARM.ActiveCfg = Release|ARM
		{3FA12A4F-2A7A-45EB-B964-88277ACC5CEF}.Ad-Hoc|ARM.Build.0 = Release|ARM
		{3FA12A4F-2A7A-45EB-B964-88277ACC5CEF}.Ad-Hoc|ARM.Deploy.0 = Release|ARM
		{3FA12A4F-2A7A-45EB-B964-88277ACC5CEF}.Ad-Hoc|iPhone.ActiveCfg = Release|x86
		{3FA12A4F-2A7A-45EB-B964-88277ACC5CEF}.Ad-Hoc|iPhone.Build.0 = Release|x86
		{3FA12A4F-2A7A-45EB-B964-88277ACC5CEF}.Ad-Hoc|iPhone.Deploy.0 = Release|x86
		{3FA12A4F-2A7A-45EB-B964-88277ACC5CEF}.Ad-Hoc|iPhoneSimulator.ActiveCfg = Release|x86
		{3FA12A4F-2A7A-45EB-B964-88277ACC5CEF}.Ad-Hoc|iPhoneSimulator.Build.0 = Release|x86
		{3FA12A4F-2A7A-45EB-B964-88277ACC5CEF}.Ad-Hoc|iPhoneSimulator.Deploy.0 = Release|x86
		{3FA12A4F-2A7A-45EB-B964-88277ACC5CEF}.Ad-Hoc|x64.ActiveCfg = Release|x64
		{3FA12A4F-2A7A-45EB-B964-88277ACC5CEF}.Ad-Hoc|x64.Build.0 = Release|x64
		{3FA12A4F-2A7A-45EB-B964-88277ACC5CEF}.Ad-Hoc|x64.Deploy.0 = Release|x64
		{3FA12A4F-2A7A-45EB-B964-88277ACC5CEF}.Ad-Hoc|x86.ActiveCfg = Release|x86
		{3FA12A4F-2A7A-45EB-B964-88277ACC5CEF}.Ad-Hoc|x86.Build.0 = Release|x86
		{3FA12A4F-2A7A-45EB-B964-88277ACC5CEF}.Ad-Hoc|x86.Deploy.0 = Release|x86
		{3FA12A4F-2A7A-45EB-B964-88277ACC5CEF}.AppStore|Any CPU.ActiveCfg = Release|x86
		{3FA12A4F-2A7A-45EB-B964-88277ACC5CEF}.AppStore|Any CPU.Build.0 = Release|x86
		{3FA12A4F-2A7A-45EB-B964-88277ACC5CEF}.AppStore|Any CPU.Deploy.0 = Release|x86
		{3FA12A4F-2A7A-45EB-B964-88277ACC5CEF}.AppStore|ARM.ActiveCfg = Release|ARM
		{3FA12A4F-2A7A-45EB-B964-88277ACC5CEF}.AppStore|ARM.Build.0 = Release|ARM
		{3FA12A4F-2A7A-45EB-B964-88277ACC5CEF}.AppStore|ARM.Deploy.0 = Release|ARM
		{3FA12A4F-2A7A-45EB-B964-88277ACC5CEF}.AppStore|iPhone.ActiveCfg = Release|x86
		{3FA12A4F-2A7A-45EB-B964-88277ACC5CEF}.AppStore|iPhone.Build.0 = Release|x86
		{3FA12A4F-2A7A-45EB-B964-88277ACC5CEF}.AppStore|iPhone.Deploy.0 = Release|x86
		{3FA12A4F-2A7A-45EB-B964-88277ACC5CEF}.AppStore|iPhoneSimulator.ActiveCfg = Release|x86
		{3FA12A4F-2A7A-45EB-B964-88277ACC5CEF}.AppStore|iPhoneSimulator.Build.0 = Release|x86
		{3FA12A4F-2A7A-45EB-B964-88277ACC5CEF}.AppStore|iPhoneSimulator.Deploy.0 = Release|x86
		{3FA12A4F-2A7A-45EB-B964-88277ACC5CEF}.AppStore|x64.ActiveCfg = Release|x64
		{3FA12A4F-2A7A-45EB-B964-88277ACC5CEF}.AppStore|x64.Build.0 = Release|x64
		{3FA12A4F-2A7A-45EB-B964-88277ACC5CEF}.AppStore|x64.Deploy.0 = Release|x64
		{3FA12A4F-2A7A-45EB-B964-88277ACC5CEF}.AppStore|x86.ActiveCfg = Release|x86
		{3FA12A4F-2A7A-45EB-B964-88277ACC5CEF}.AppStore|x86.Build.0 = Release|x86
		{3FA12A4F-2A7A-45EB-B964-88277ACC5CEF}.AppStore|x86.Deploy.0 = Release|x86
		{3FA12A4F-2A7A-45EB-B964-88277ACC5CEF}.Debug|Any CPU.ActiveCfg = Debug|x86
		{3FA12A4F-2A7A-45EB-B964-88277ACC5CEF}.Debug|ARM.ActiveCfg = Debug|ARM
		{3FA12A4F-2A7A-45EB-B964-88277ACC5CEF}.Debug|ARM.Build.0 = Debug|ARM
		{3FA12A4F-2A7A-45EB-B964-88277ACC5CEF}.Debug|ARM.Deploy.0 = Debug|ARM
		{3FA12A4F-2A7A-45EB-B964-88277ACC5CEF}.Debug|iPhone.ActiveCfg = Debug|x86
		{3FA12A4F-2A7A-45EB-B964-88277ACC5CEF}.Debug|iPhoneSimulator.ActiveCfg = Debug|x86
		{3FA12A4F-2A7A-45EB-B964-88277ACC5CEF}.Debug|x64.ActiveCfg = Debug|x64
		{3FA12A4F-2A7A-45EB-B964-88277ACC5CEF}.Debug|x64.Build.0 = Debug|x64
		{3FA12A4F-2A7A-45EB-B964-88277ACC5CEF}.Debug|x64.Deploy.0 = Debug|x64
		{3FA12A4F-2A7A-45EB-B964-88277ACC5CEF}.Debug|x86.ActiveCfg = Debug|x86
		{3FA12A4F-2A7A-45EB-B964-88277ACC5CEF}.Debug|x86.Build.0 = Debug|x86
		{3FA12A4F-2A7A-45EB-B964-88277ACC5CEF}.Debug|x86.Deploy.0 = Debug|x86
		{3FA12A4F-2A7A-45EB-B964-88277ACC5CEF}.Release|Any CPU.ActiveCfg = Release|x86
		{3FA12A4F-2A7A-45EB-B964-88277ACC5CEF}.Release|ARM.ActiveCfg = Release|ARM
		{3FA12A4F-2A7A-45EB-B964-88277ACC5CEF}.Release|ARM.Build.0 = Release|ARM
		{3FA12A4F-2A7A-45EB-B964-88277ACC5CEF}.Release|ARM.Deploy.0 = Release|ARM
		{3FA12A4F-2A7A-45EB-B964-88277ACC5CEF}.Release|iPhone.ActiveCfg = Release|x86
		{3FA12A4F-2A7A-45EB-B964-88277ACC5CEF}.Release|iPhoneSimulator.ActiveCfg = Release|x86
		{3FA12A4F-2A7A-45EB-B964-88277ACC5CEF}.Release|x64.ActiveCfg = Release|x64
		{3FA12A4F-2A7A-45EB-B964-88277ACC5CEF}.Release|x64.Build.0 = Release|x64
		{3FA12A4F-2A7A-45EB-B964-88277ACC5CEF}.Release|x64.Deploy.0 = Release|x64
		{3FA12A4F-2A7A-45EB-B964-88277ACC5CEF}.Release|x86.ActiveCfg = Release|x86
		{3FA12A4F-2A7A-45EB-B964-88277ACC5CEF}.Release|x86.Build.0 = Release|x86
		{3FA12A4F-2A7A-45EB-B964-88277ACC5CEF}.Release|x86.Deploy.0 = Release|x86
	EndGlobalSection
	GlobalSection(SolutionProperties) = preSolution
		HideSolutionNode = FALSE
	EndGlobalSection
	GlobalSection(ExtensibilityGlobals) = postSolution
		SolutionGuid = {8540D7D5-1669-44F8-932C-CD7A85267E67}
	EndGlobalSection
EndGlobal
